// !$*UTF8*$!
{
	archiveVersion = 1;
	classes = {
	};
	objectVersion = 46;
	objects = {

/* Begin PBXBuildFile section */
		253A8C4E1C49B462005CA3D8 /* AppDelegate.swift in Sources */ = {isa = PBXBuildFile; fileRef = 253A8C4D1C49B462005CA3D8 /* AppDelegate.swift */; };
		253A8C501C49B462005CA3D8 /* FirstViewController.swift in Sources */ = {isa = PBXBuildFile; fileRef = 253A8C4F1C49B462005CA3D8 /* FirstViewController.swift */; };
		253A8C551C49B462005CA3D8 /* Main.storyboard in Resources */ = {isa = PBXBuildFile; fileRef = 253A8C531C49B462005CA3D8 /* Main.storyboard */; };
		253A8C571C49B462005CA3D8 /* Assets.xcassets in Resources */ = {isa = PBXBuildFile; fileRef = 253A8C561C49B462005CA3D8 /* Assets.xcassets */; };
		253A8C5A1C49B462005CA3D8 /* LaunchScreen.storyboard in Resources */ = {isa = PBXBuildFile; fileRef = 253A8C581C49B462005CA3D8 /* LaunchScreen.storyboard */; };
		253A8C651C49B463005CA3D8 /* MeditatorTests.swift in Sources */ = {isa = PBXBuildFile; fileRef = 253A8C641C49B463005CA3D8 /* MeditatorTests.swift */; };
		253A8C701C49B463005CA3D8 /* MeditatorUITests.swift in Sources */ = {isa = PBXBuildFile; fileRef = 253A8C6F1C49B463005CA3D8 /* MeditatorUITests.swift */; };
		253A8C821C4CAF80005CA3D8 /* meditationSession.swift in Sources */ = {isa = PBXBuildFile; fileRef = 253A8C811C4CAF80005CA3D8 /* meditationSession.swift */; };
		253A8C881C4DD824005CA3D8 /* MeditationSessionTableViewCell.swift in Sources */ = {isa = PBXBuildFile; fileRef = 253A8C871C4DD824005CA3D8 /* MeditationSessionTableViewCell.swift */; };
		253A8C8C1C4EE227005CA3D8 /* MeditationSessionTableViewController.swift in Sources */ = {isa = PBXBuildFile; fileRef = 253A8C8B1C4EE227005CA3D8 /* MeditationSessionTableViewController.swift */; };
/* End PBXBuildFile section */

/* Begin PBXContainerItemProxy section */
		253A8C611C49B463005CA3D8 /* PBXContainerItemProxy */ = {
			isa = PBXContainerItemProxy;
			containerPortal = 253A8C421C49B462005CA3D8 /* Project object */;
			proxyType = 1;
			remoteGlobalIDString = 253A8C491C49B462005CA3D8;
			remoteInfo = Meditator;
		};
		253A8C6C1C49B463005CA3D8 /* PBXContainerItemProxy */ = {
			isa = PBXContainerItemProxy;
			containerPortal = 253A8C421C49B462005CA3D8 /* Project object */;
			proxyType = 1;
			remoteGlobalIDString = 253A8C491C49B462005CA3D8;
			remoteInfo = Meditator;
		};
/* End PBXContainerItemProxy section */

/* Begin PBXFileReference section */
		253A8C4A1C49B462005CA3D8 /* Meditator.app */ = {isa = PBXFileReference; explicitFileType = wrapper.application; includeInIndex = 0; path = Meditator.app; sourceTree = BUILT_PRODUCTS_DIR; };
		253A8C4D1C49B462005CA3D8 /* AppDelegate.swift */ = {isa = PBXFileReference; lastKnownFileType = sourcecode.swift; path = AppDelegate.swift; sourceTree = "<group>"; };
		253A8C4F1C49B462005CA3D8 /* FirstViewController.swift */ = {isa = PBXFileReference; lastKnownFileType = sourcecode.swift; path = FirstViewController.swift; sourceTree = "<group>"; };
		253A8C541C49B462005CA3D8 /* Base */ = {isa = PBXFileReference; lastKnownFileType = file.storyboard; name = Base; path = Base.lproj/Main.storyboard; sourceTree = "<group>"; };
		253A8C561C49B462005CA3D8 /* Assets.xcassets */ = {isa = PBXFileReference; lastKnownFileType = folder.assetcatalog; path = Assets.xcassets; sourceTree = "<group>"; };
		253A8C591C49B462005CA3D8 /* Base */ = {isa = PBXFileReference; lastKnownFileType = file.storyboard; name = Base; path = Base.lproj/LaunchScreen.storyboard; sourceTree = "<group>"; };
		253A8C5B1C49B462005CA3D8 /* Info.plist */ = {isa = PBXFileReference; lastKnownFileType = text.plist.xml; path = Info.plist; sourceTree = "<group>"; };
		253A8C601C49B463005CA3D8 /* MeditatorTests.xctest */ = {isa = PBXFileReference; explicitFileType = wrapper.cfbundle; includeInIndex = 0; path = MeditatorTests.xctest; sourceTree = BUILT_PRODUCTS_DIR; };
		253A8C641C49B463005CA3D8 /* MeditatorTests.swift */ = {isa = PBXFileReference; lastKnownFileType = sourcecode.swift; path = MeditatorTests.swift; sourceTree = "<group>"; };
		253A8C661C49B463005CA3D8 /* Info.plist */ = {isa = PBXFileReference; lastKnownFileType = text.plist.xml; path = Info.plist; sourceTree = "<group>"; };
		253A8C6B1C49B463005CA3D8 /* MeditatorUITests.xctest */ = {isa = PBXFileReference; explicitFileType = wrapper.cfbundle; includeInIndex = 0; path = MeditatorUITests.xctest; sourceTree = BUILT_PRODUCTS_DIR; };
		253A8C6F1C49B463005CA3D8 /* MeditatorUITests.swift */ = {isa = PBXFileReference; lastKnownFileType = sourcecode.swift; path = MeditatorUITests.swift; sourceTree = "<group>"; };
		253A8C711C49B463005CA3D8 /* Info.plist */ = {isa = PBXFileReference; lastKnownFileType = text.plist.xml; path = Info.plist; sourceTree = "<group>"; };
		253A8C811C4CAF80005CA3D8 /* meditationSession.swift */ = {isa = PBXFileReference; fileEncoding = 4; lastKnownFileType = sourcecode.swift; path = meditationSession.swift; sourceTree = "<group>"; };
		253A8C871C4DD824005CA3D8 /* MeditationSessionTableViewCell.swift */ = {isa = PBXFileReference; fileEncoding = 4; lastKnownFileType = sourcecode.swift; path = MeditationSessionTableViewCell.swift; sourceTree = "<group>"; };
		253A8C8B1C4EE227005CA3D8 /* MeditationSessionTableViewController.swift */ = {isa = PBXFileReference; fileEncoding = 4; lastKnownFileType = sourcecode.swift; path = MeditationSessionTableViewController.swift; sourceTree = "<group>"; };
/* End PBXFileReference section */

/* Begin PBXFrameworksBuildPhase section */
		253A8C471C49B462005CA3D8 /* Frameworks */ = {
			isa = PBXFrameworksBuildPhase;
			buildActionMask = 2147483647;
			files = (
			);
			runOnlyForDeploymentPostprocessing = 0;
		};
		253A8C5D1C49B463005CA3D8 /* Frameworks */ = {
			isa = PBXFrameworksBuildPhase;
			buildActionMask = 2147483647;
			files = (
			);
			runOnlyForDeploymentPostprocessing = 0;
		};
		253A8C681C49B463005CA3D8 /* Frameworks */ = {
			isa = PBXFrameworksBuildPhase;
			buildActionMask = 2147483647;
			files = (
			);
			runOnlyForDeploymentPostprocessing = 0;
		};
/* End PBXFrameworksBuildPhase section */

/* Begin PBXGroup section */
		253A8C411C49B462005CA3D8 = {
			isa = PBXGroup;
			children = (
				253A8C4C1C49B462005CA3D8 /* Meditator */,
				253A8C631C49B463005CA3D8 /* MeditatorTests */,
				253A8C6E1C49B463005CA3D8 /* MeditatorUITests */,
				253A8C4B1C49B462005CA3D8 /* Products */,
			);
			sourceTree = "<group>";
		};
		253A8C4B1C49B462005CA3D8 /* Products */ = {
			isa = PBXGroup;
			children = (
				253A8C4A1C49B462005CA3D8 /* Meditator.app */,
				253A8C601C49B463005CA3D8 /* MeditatorTests.xctest */,
				253A8C6B1C49B463005CA3D8 /* MeditatorUITests.xctest */,
			);
			name = Products;
			sourceTree = "<group>";
		};
		253A8C4C1C49B462005CA3D8 /* Meditator */ = {
			isa = PBXGroup;
			children = (
				253A8C4D1C49B462005CA3D8 /* AppDelegate.swift */,
				253A8C4F1C49B462005CA3D8 /* FirstViewController.swift */,
				253A8C8B1C4EE227005CA3D8 /* MeditationSessionTableViewController.swift */,
				253A8C871C4DD824005CA3D8 /* MeditationSessionTableViewCell.swift */,
				253A8C811C4CAF80005CA3D8 /* meditationSession.swift */,
				253A8C531C49B462005CA3D8 /* Main.storyboard */,
				253A8C561C49B462005CA3D8 /* Assets.xcassets */,
				253A8C581C49B462005CA3D8 /* LaunchScreen.storyboard */,
				253A8C5B1C49B462005CA3D8 /* Info.plist */,
			);
			path = Meditator;
			sourceTree = "<group>";
		};
		253A8C631C49B463005CA3D8 /* MeditatorTests */ = {
			isa = PBXGroup;
			children = (
				253A8C641C49B463005CA3D8 /* MeditatorTests.swift */,
				253A8C661C49B463005CA3D8 /* Info.plist */,
			);
			path = MeditatorTests;
			sourceTree = "<group>";
		};
		253A8C6E1C49B463005CA3D8 /* MeditatorUITests */ = {
			isa = PBXGroup;
			children = (
				253A8C6F1C49B463005CA3D8 /* MeditatorUITests.swift */,
				253A8C711C49B463005CA3D8 /* Info.plist */,
			);
			path = MeditatorUITests;
			sourceTree = "<group>";
		};
/* End PBXGroup section */

/* Begin PBXNativeTarget section */
		253A8C491C49B462005CA3D8 /* Meditator */ = {
			isa = PBXNativeTarget;
			buildConfigurationList = 253A8C741C49B463005CA3D8 /* Build configuration list for PBXNativeTarget "Meditator" */;
			buildPhases = (
				253A8C461C49B462005CA3D8 /* Sources */,
				253A8C471C49B462005CA3D8 /* Frameworks */,
				253A8C481C49B462005CA3D8 /* Resources */,
			);
			buildRules = (
			);
			dependencies = (
			);
			name = Meditator;
			productName = Meditator;
			productReference = 253A8C4A1C49B462005CA3D8 /* Meditator.app */;
			productType = "com.apple.product-type.application";
		};
		253A8C5F1C49B463005CA3D8 /* MeditatorTests */ = {
			isa = PBXNativeTarget;
			buildConfigurationList = 253A8C771C49B463005CA3D8 /* Build configuration list for PBXNativeTarget "MeditatorTests" */;
			buildPhases = (
				253A8C5C1C49B463005CA3D8 /* Sources */,
				253A8C5D1C49B463005CA3D8 /* Frameworks */,
				253A8C5E1C49B463005CA3D8 /* Resources */,
			);
			buildRules = (
			);
			dependencies = (
				253A8C621C49B463005CA3D8 /* PBXTargetDependency */,
			);
			name = MeditatorTests;
			productName = MeditatorTests;
			productReference = 253A8C601C49B463005CA3D8 /* MeditatorTests.xctest */;
			productType = "com.apple.product-type.bundle.unit-test";
		};
		253A8C6A1C49B463005CA3D8 /* MeditatorUITests */ = {
			isa = PBXNativeTarget;
			buildConfigurationList = 253A8C7A1C49B463005CA3D8 /* Build configuration list for PBXNativeTarget "MeditatorUITests" */;
			buildPhases = (
				253A8C671C49B463005CA3D8 /* Sources */,
				253A8C681C49B463005CA3D8 /* Frameworks */,
				253A8C691C49B463005CA3D8 /* Resources */,
			);
			buildRules = (
			);
			dependencies = (
				253A8C6D1C49B463005CA3D8 /* PBXTargetDependency */,
			);
			name = MeditatorUITests;
			productName = MeditatorUITests;
			productReference = 253A8C6B1C49B463005CA3D8 /* MeditatorUITests.xctest */;
			productType = "com.apple.product-type.bundle.ui-testing";
		};
/* End PBXNativeTarget section */

/* Begin PBXProject section */
		253A8C421C49B462005CA3D8 /* Project object */ = {
			isa = PBXProject;
			attributes = {
				LastSwiftUpdateCheck = 0720;
				LastUpgradeCheck = 0720;
				ORGANIZATIONNAME = "Ian Campbell";
				TargetAttributes = {
					253A8C491C49B462005CA3D8 = {
						CreatedOnToolsVersion = 7.2;
					};
					253A8C5F1C49B463005CA3D8 = {
						CreatedOnToolsVersion = 7.2;
						TestTargetID = 253A8C491C49B462005CA3D8;
					};
					253A8C6A1C49B463005CA3D8 = {
						CreatedOnToolsVersion = 7.2;
						TestTargetID = 253A8C491C49B462005CA3D8;
					};
				};
			};
			buildConfigurationList = 253A8C451C49B462005CA3D8 /* Build configuration list for PBXProject "Meditator" */;
			compatibilityVersion = "Xcode 3.2";
			developmentRegion = English;
			hasScannedForEncodings = 0;
			knownRegions = (
				en,
				Base,
			);
			mainGroup = 253A8C411C49B462005CA3D8;
			productRefGroup = 253A8C4B1C49B462005CA3D8 /* Products */;
			projectDirPath = "";
			projectRoot = "";
			targets = (
				253A8C491C49B462005CA3D8 /* Meditator */,
				253A8C5F1C49B463005CA3D8 /* MeditatorTests */,
				253A8C6A1C49B463005CA3D8 /* MeditatorUITests */,
			);
		};
/* End PBXProject section */

/* Begin PBXResourcesBuildPhase section */
		253A8C481C49B462005CA3D8 /* Resources */ = {
			isa = PBXResourcesBuildPhase;
			buildActionMask = 2147483647;
			files = (
				253A8C5A1C49B462005CA3D8 /* LaunchScreen.storyboard in Resources */,
				253A8C571C49B462005CA3D8 /* Assets.xcassets in Resources */,
				253A8C551C49B462005CA3D8 /* Main.storyboard in Resources */,
			);
			runOnlyForDeploymentPostprocessing = 0;
		};
		253A8C5E1C49B463005CA3D8 /* Resources */ = {
			isa = PBXResourcesBuildPhase;
			buildActionMask = 2147483647;
			files = (
			);
			runOnlyForDeploymentPostprocessing = 0;
		};
		253A8C691C49B463005CA3D8 /* Resources */ = {
			isa = PBXResourcesBuildPhase;
			buildActionMask = 2147483647;
			files = (
			);
			runOnlyForDeploymentPostprocessing = 0;
		};
/* End PBXResourcesBuildPhase section */

/* Begin PBXSourcesBuildPhase section */
		253A8C461C49B462005CA3D8 /* Sources */ = {
			isa = PBXSourcesBuildPhase;
			buildActionMask = 2147483647;
			files = (
				253A8C4E1C49B462005CA3D8 /* AppDelegate.swift in Sources */,
				253A8C501C49B462005CA3D8 /* FirstViewController.swift in Sources */,
				253A8C881C4DD824005CA3D8 /* MeditationSessionTableViewCell.swift in Sources */,
				253A8C8C1C4EE227005CA3D8 /* MeditationSessionTableViewController.swift in Sources */,
				253A8C821C4CAF80005CA3D8 /* meditationSession.swift in Sources */,
			);
			runOnlyForDeploymentPostprocessing = 0;
		};
		253A8C5C1C49B463005CA3D8 /* Sources */ = {
			isa = PBXSourcesBuildPhase;
			buildActionMask = 2147483647;
			files = (
				253A8C651C49B463005CA3D8 /* MeditatorTests.swift in Sources */,
			);
			runOnlyForDeploymentPostprocessing = 0;
		};
		253A8C671C49B463005CA3D8 /* Sources */ = {
			isa = PBXSourcesBuildPhase;
			buildActionMask = 2147483647;
			files = (
				253A8C701C49B463005CA3D8 /* MeditatorUITests.swift in Sources */,
			);
			runOnlyForDeploymentPostprocessing = 0;
		};
/* End PBXSourcesBuildPhase section */

/* Begin PBXTargetDependency section */
		253A8C621C49B463005CA3D8 /* PBXTargetDependency */ = {
			isa = PBXTargetDependency;
			target = 253A8C491C49B462005CA3D8 /* Meditator */;
			targetProxy = 253A8C611C49B463005CA3D8 /* PBXContainerItemProxy */;
		};
		253A8C6D1C49B463005CA3D8 /* PBXTargetDependency */ = {
			isa = PBXTargetDependency;
			target = 253A8C491C49B462005CA3D8 /* Meditator */;
			targetProxy = 253A8C6C1C49B463005CA3D8 /* PBXContainerItemProxy */;
		};
/* End PBXTargetDependency section */

/* Begin PBXVariantGroup section */
		253A8C531C49B462005CA3D8 /* Main.storyboard */ = {
			isa = PBXVariantGroup;
			children = (
				253A8C541C49B462005CA3D8 /* Base */,
			);
			name = Main.storyboard;
			sourceTree = "<group>";
		};
		253A8C581C49B462005CA3D8 /* LaunchScreen.storyboard */ = {
			isa = PBXVariantGroup;
			children = (
				253A8C591C49B462005CA3D8 /* Base */,
			);
			name = LaunchScreen.storyboard;
			sourceTree = "<group>";
		};
/* End PBXVariantGroup section */

/* Begin XCBuildConfiguration section */
		253A8C721C49B463005CA3D8 /* Debug */ = {
			isa = XCBuildConfiguration;
			buildSettings = {
				ALWAYS_SEARCH_USER_PATHS = NO;
				CLANG_CXX_LANGUAGE_STANDARD = "gnu++0x";
				CLANG_CXX_LIBRARY = "libc++";
				CLANG_ENABLE_MODULES = YES;
				CLANG_ENABLE_OBJC_ARC = YES;
				CLANG_WARN_BOOL_CONVERSION = YES;
				CLANG_WARN_CONSTANT_CONVERSION = YES;
				CLANG_WARN_DIRECT_OBJC_ISA_USAGE = YES_ERROR;
				CLANG_WARN_EMPTY_BODY = YES;
				CLANG_WARN_ENUM_CONVERSION = YES;
				CLANG_WARN_INT_CONVERSION = YES;
				CLANG_WARN_OBJC_ROOT_CLASS = YES_ERROR;
				CLANG_WARN_UNREACHABLE_CODE = YES;
				CLANG_WARN__DUPLICATE_METHOD_MATCH = YES;
				"CODE_SIGN_IDENTITY[sdk=iphoneos*]" = "iPhone Developer";
				COPY_PHASE_STRIP = NO;
				DEBUG_INFORMATION_FORMAT = dwarf;
				ENABLE_STRICT_OBJC_MSGSEND = YES;
				ENABLE_TESTABILITY = YES;
				GCC_C_LANGUAGE_STANDARD = gnu99;
				GCC_DYNAMIC_NO_PIC = NO;
				GCC_NO_COMMON_BLOCKS = YES;
				GCC_OPTIMIZATION_LEVEL = 0;
				GCC_PREPROCESSOR_DEFINITIONS = (
					"DEBUG=1",
					"$(inherited)",
				);
				GCC_WARN_64_TO_32_BIT_CONVERSION = YES;
				GCC_WARN_ABOUT_RETURN_TYPE = YES_ERROR;
				GCC_WARN_UNDECLARED_SELECTOR = YES;
				GCC_WARN_UNINITIALIZED_AUTOS = YES_AGGRESSIVE;
				GCC_WARN_UNUSED_FUNCTION = YES;
				GCC_WARN_UNUSED_VARIABLE = YES;
				IPHONEOS_DEPLOYMENT_TARGET = 9.2;
				MTL_ENABLE_DEBUG_INFO = YES;
				ONLY_ACTIVE_ARCH = YES;
				SDKROOT = iphoneos;
				SWIFT_OPTIMIZATION_LEVEL = "-Onone";
				TARGETED_DEVICE_FAMILY = "1,2";
			};
			name = Debug;
		};
		253A8C731C49B463005CA3D8 /* Release */ = {
			isa = XCBuildConfiguration;
			buildSettings = {
				ALWAYS_SEARCH_USER_PATHS = NO;
				CLANG_CXX_LANGUAGE_STANDARD = "gnu++0x";
				CLANG_CXX_LIBRARY = "libc++";
				CLANG_ENABLE_MODULES = YES;
				CLANG_ENABLE_OBJC_ARC = YES;
				CLANG_WARN_BOOL_CONVERSION = YES;
				CLANG_WARN_CONSTANT_CONVERSION = YES;
				CLANG_WARN_DIRECT_OBJC_ISA_USAGE = YES_ERROR;
				CLANG_WARN_EMPTY_BODY = YES;
				CLANG_WARN_ENUM_CONVERSION = YES;
				CLANG_WARN_INT_CONVERSION = YES;
				CLANG_WARN_OBJC_ROOT_CLASS = YES_ERROR;
				CLANG_WARN_UNREACHABLE_CODE = YES;
				CLANG_WARN__DUPLICATE_METHOD_MATCH = YES;
				"CODE_SIGN_IDENTITY[sdk=iphoneos*]" = "iPhone Developer";
				COPY_PHASE_STRIP = NO;
				DEBUG_INFORMATION_FORMAT = "dwarf-with-dsym";
				ENABLE_NS_ASSERTIONS = NO;
				ENABLE_STRICT_OBJC_MSGSEND = YES;
				GCC_C_LANGUAGE_STANDARD = gnu99;
				GCC_NO_COMMON_BLOCKS = YES;
				GCC_WARN_64_TO_32_BIT_CONVERSION = YES;
				GCC_WARN_ABOUT_RETURN_TYPE = YES_ERROR;
				GCC_WARN_UNDECLARED_SELECTOR = YES;
				GCC_WARN_UNINITIALIZED_AUTOS = YES_AGGRESSIVE;
				GCC_WARN_UNUSED_FUNCTION = YES;
				GCC_WARN_UNUSED_VARIABLE = YES;
				IPHONEOS_DEPLOYMENT_TARGET = 9.2;
				MTL_ENABLE_DEBUG_INFO = NO;
				SDKROOT = iphoneos;
				TARGETED_DEVICE_FAMILY = "1,2";
				VALIDATE_PRODUCT = YES;
			};
			name = Release;
		};
		253A8C751C49B463005CA3D8 /* Debug */ = {
			isa = XCBuildConfiguration;
			buildSettings = {
				ASSETCATALOG_COMPILER_APPICON_NAME = AppIcon;
				INFOPLIST_FILE = Meditator/Info.plist;
				LD_RUNPATH_SEARCH_PATHS = "$(inherited) @executable_path/Frameworks";
				PRODUCT_BUNDLE_IDENTIFIER = campbell.Meditator;
				PRODUCT_NAME = "$(TARGET_NAME)";
			};
			name = Debug;
		};
		253A8C761C49B463005CA3D8 /* Release */ = {
			isa = XCBuildConfiguration;
			buildSettings = {
				ASSETCATALOG_COMPILER_APPICON_NAME = AppIcon;
				INFOPLIST_FILE = Meditator/Info.plist;
				LD_RUNPATH_SEARCH_PATHS = "$(inherited) @executable_path/Frameworks";
				PRODUCT_BUNDLE_IDENTIFIER = campbell.Meditator;
				PRODUCT_NAME = "$(TARGET_NAME)";
			};
			name = Release;
		};
		253A8C781C49B463005CA3D8 /* Debug */ = {
			isa = XCBuildConfiguration;
			buildSettings = {
				BUNDLE_LOADER = "$(TEST_HOST)";
				INFOPLIST_FILE = MeditatorTests/Info.plist;
				LD_RUNPATH_SEARCH_PATHS = "$(inherited) @executable_path/Frameworks @loader_path/Frameworks";
				PRODUCT_BUNDLE_IDENTIFIER = campbell.MeditatorTests;
				PRODUCT_NAME = "$(TARGET_NAME)";
				TEST_HOST = "$(BUILT_PRODUCTS_DIR)/Meditator.app/Meditator";
			};
			name = Debug;
		};
		253A8C791C49B463005CA3D8 /* Release */ = {
			isa = XCBuildConfiguration;
			buildSettings = {
				BUNDLE_LOADER = "$(TEST_HOST)";
				INFOPLIST_FILE = MeditatorTests/Info.plist;
				LD_RUNPATH_SEARCH_PATHS = "$(inherited) @executable_path/Frameworks @loader_path/Frameworks";
				PRODUCT_BUNDLE_IDENTIFIER = campbell.MeditatorTests;
				PRODUCT_NAME = "$(TARGET_NAME)";
				TEST_HOST = "$(BUILT_PRODUCTS_DIR)/Meditator.app/Meditator";
			};
			name = Release;
		};
		253A8C7B1C49B463005CA3D8 /* Debug */ = {
			isa = XCBuildConfiguration;
			buildSettings = {
				INFOPLIST_FILE = MeditatorUITests/Info.plist;
				LD_RUNPATH_SEARCH_PATHS = "$(inherited) @executable_path/Frameworks @loader_path/Frameworks";
				PRODUCT_BUNDLE_IDENTIFIER = campbell.MeditatorUITests;
				PRODUCT_NAME = "$(TARGET_NAME)";
				TEST_TARGET_NAME = Meditator;
				USES_XCTRUNNER = YES;
			};
			name = Debug;
		};
		253A8C7C1C49B463005CA3D8 /* Release */ = {
			isa = XCBuildConfiguration;
			buildSettings = {
				INFOPLIST_FILE = MeditatorUITests/Info.plist;
				LD_RUNPATH_SEARCH_PATHS = "$(inherited) @executable_path/Frameworks @loader_path/Frameworks";
				PRODUCT_BUNDLE_IDENTIFIER = campbell.MeditatorUITests;
				PRODUCT_NAME = "$(TARGET_NAME)";
				TEST_TARGET_NAME = Meditator;
				USES_XCTRUNNER = YES;
			};
			name = Release;
		};
/* End XCBuildConfiguration section */

/* Begin XCConfigurationList section */
		253A8C451C49B462005CA3D8 /* Build configuration list for PBXProject "Meditator" */ = {
			isa = XCConfigurationList;
			buildConfigurations = (
				253A8C721C49B463005CA3D8 /* Debug */,
				253A8C731C49B463005CA3D8 /* Release */,
			);
			defaultConfigurationIsVisible = 0;
			defaultConfigurationName = Release;
		};
		253A8C741C49B463005CA3D8 /* Build configuration list for PBXNativeTarget "Meditator" */ = {
			isa = XCConfigurationList;
			buildConfigurations = (
				253A8C751C49B463005CA3D8 /* Debug */,
				253A8C761C49B463005CA3D8 /* Release */,
			);
			defaultConfigurationIsVisible = 0;
		};
		253A8C771C49B463005CA3D8 /* Build configuration list for PBXNativeTarget "MeditatorTests" */ = {
			isa = XCConfigurationList;
			buildConfigurations = (
				253A8C781C49B463005CA3D8 /* Debug */,
				253A8C791C49B463005CA3D8 /* Release */,
			);
			defaultConfigurationIsVisible = 0;
		};
		253A8C7A1C49B463005CA3D8 /* Build configuration list for PBXNativeTarget "MeditatorUITests" */ = {
			isa = XCConfigurationList;
			buildConfigurations = (
				253A8C7B1C49B463005CA3D8 /* Debug */,
				253A8C7C1C49B463005CA3D8 /* Release */,
			);
			defaultConfigurationIsVisible = 0;
		};
/* End XCConfigurationList section */
	};
	rootObject = 253A8C421C49B462005CA3D8 /* Project object */;
}
